
Microsoft Visual Studio Solution File, Format Version 12.00
# Visual Studio Version 16
VisualStudioVersion = 16.0.30717.126
MinimumVisualStudioVersion = 10.0.40219.1
Project("{FAE04EC0-301F-11D3-BF4B-00C04F79EFBC}") = "Test01", "Test01\Test01.csproj", "{1480E9ED-84C2-40CA-AA92-843445B53368}"
EndProject
Global
	GlobalSection(SolutionConfigurationPlatforms) = preSolution
		Debug|Any CPU = Debug|Any CPU
		Release|Any CPU = Release|Any CPU
	EndGlobalSection
	GlobalSection(ProjectConfigurationPlatforms) = postSolution
		{1480E9ED-84C2-40CA-AA92-843445B53368}.Debug|Any CPU.ActiveCfg = Debug|Any CPU
		{1480E9ED-84C2-40CA-AA92-843445B53368}.Debug|Any CPU.Build.0 = Debug|Any CPU
		{1480E9ED-84C2-40CA-AA92-843445B53368}.Release|Any CPU.ActiveCfg = Release|Any CPU
		{1480E9ED-84C2-40CA-AA92-843445B53368}.Release|Any CPU.Build.0 = Release|Any CPU
	EndGlobalSection
	GlobalSection(SolutionProperties) = preSolution
		HideSolutionNode = FALSE
	EndGlobalSection
	GlobalSection(ExtensibilityGlobals) = postSolution
		SolutionGuid = {1B16BA7B-6407-4D29-8437-7ABF86FAB377}
	EndGlobalSection
EndGlobal
